// !$*UTF8*$!
{
	archiveVersion = 1;
	classes = {
	};
	objectVersion = 50;
	objects = {

/* Begin PBXBuildFile section */
		846B87C721CCC1CA00A07A0E /* AppDelegate.swift in Sources */ = {isa = PBXBuildFile; fileRef = 846B87C621CCC1CA00A07A0E /* AppDelegate.swift */; };
		846B87C921CCC1CA00A07A0E /* ViewController.swift in Sources */ = {isa = PBXBuildFile; fileRef = 846B87C821CCC1CA00A07A0E /* ViewController.swift */; };
		846B87CC21CCC1CA00A07A0E /* Main.storyboard in Resources */ = {isa = PBXBuildFile; fileRef = 846B87CA21CCC1CA00A07A0E /* Main.storyboard */; };
		846B87CE21CCC1CB00A07A0E /* Assets.xcassets in Resources */ = {isa = PBXBuildFile; fileRef = 846B87CD21CCC1CB00A07A0E /* Assets.xcassets */; };
		846B87D121CCC1CB00A07A0E /* LaunchScreen.storyboard in Resources */ = {isa = PBXBuildFile; fileRef = 846B87CF21CCC1CB00A07A0E /* LaunchScreen.storyboard */; };
		846B87DA21CCC20B00A07A0E /* calculatorController.swift in Sources */ = {isa = PBXBuildFile; fileRef = 846B87D821CCC20B00A07A0E /* calculatorController.swift */; };
		846B87DB21CCC20B00A07A0E /* calculatorController.xib in Resources */ = {isa = PBXBuildFile; fileRef = 846B87D921CCC20B00A07A0E /* calculatorController.xib */; };
/* End PBXBuildFile section */

/* Begin PBXFileReference section */
		846B87C321CCC1CA00A07A0E /* calculatorApplication.app */ = {isa = PBXFileReference; explicitFileType = wrapper.application; includeInIndex = 0; path = calculatorApplication.app; sourceTree = BUILT_PRODUCTS_DIR; };
		846B87C621CCC1CA00A07A0E /* AppDelegate.swift */ = {isa = PBXFileReference; lastKnownFileType = sourcecode.swift; path = AppDelegate.swift; sourceTree = "<group>"; };
		846B87C821CCC1CA00A07A0E /* ViewController.swift */ = {isa = PBXFileReference; lastKnownFileType = sourcecode.swift; path = ViewController.swift; sourceTree = "<group>"; };
		846B87CB21CCC1CA00A07A0E /* Base */ = {isa = PBXFileReference; lastKnownFileType = file.storyboard; name = Base; path = Base.lproj/Main.storyboard; sourceTree = "<group>"; };
		846B87CD21CCC1CB00A07A0E /* Assets.xcassets */ = {isa = PBXFileReference; lastKnownFileType = folder.assetcatalog; path = Assets.xcassets; sourceTree = "<group>"; };
		846B87D021CCC1CB00A07A0E /* Base */ = {isa = PBXFileReference; lastKnownFileType = file.storyboard; name = Base; path = Base.lproj/LaunchScreen.storyboard; sourceTree = "<group>"; };
		846B87D221CCC1CB00A07A0E /* Info.plist */ = {isa = PBXFileReference; lastKnownFileType = text.plist.xml; path = Info.plist; sourceTree = "<group>"; };
		846B87D821CCC20B00A07A0E /* calculatorController.swift */ = {isa = PBXFileReference; lastKnownFileType = sourcecode.swift; path = calculatorController.swift; sourceTree = "<group>"; };
		846B87D921CCC20B00A07A0E /* calculatorController.xib */ = {isa = PBXFileReference; lastKnownFileType = file.xib; path = calculatorController.xib; sourceTree = "<group>"; };
/* End PBXFileReference section */

/* Begin PBXFrameworksBuildPhase section */
		846B87C021CCC1CA00A07A0E /* Frameworks */ = {
			isa = PBXFrameworksBuildPhase;
			buildActionMask = 2147483647;
			files = (
			);
			runOnlyForDeploymentPostprocessing = 0;
		};
/* End PBXFrameworksBuildPhase section */

/* Begin PBXGroup section */
		846B87BA21CCC1CA00A07A0E = {
			isa = PBXGroup;
			children = (
				846B87C521CCC1CA00A07A0E /* calculatorApplication */,
				846B87C421CCC1CA00A07A0E /* Products */,
			);
			sourceTree = "<group>";
		};
		846B87C421CCC1CA00A07A0E /* Products */ = {
			isa = PBXGroup;
			children = (
				846B87C321CCC1CA00A07A0E /* calculatorApplication.app */,
			);
			name = Products;
			sourceTree = "<group>";
		};
		846B87C521CCC1CA00A07A0E /* calculatorApplication */ = {
			isa = PBXGroup;
			children = (
				846B87C621CCC1CA00A07A0E /* AppDelegate.swift */,
				846B87D821CCC20B00A07A0E /* calculatorController.swift */,
				846B87D921CCC20B00A07A0E /* calculatorController.xib */,
				846B87C821CCC1CA00A07A0E /* ViewController.swift */,
				846B87CA21CCC1CA00A07A0E /* Main.storyboard */,
				846B87CD21CCC1CB00A07A0E /* Assets.xcassets */,
				846B87CF21CCC1CB00A07A0E /* LaunchScreen.storyboard */,
				846B87D221CCC1CB00A07A0E /* Info.plist */,
			);
			path = calculatorApplication;
			sourceTree = "<group>";
		};
/* End PBXGroup section */

/* Begin PBXNativeTarget section */
		846B87C221CCC1CA00A07A0E /* calculatorApplication */ = {
			isa = PBXNativeTarget;
			buildConfigurationList = 846B87D521CCC1CB00A07A0E /* Build configuration list for PBXNativeTarget "calculatorApplication" */;
			buildPhases = (
				846B87BF21CCC1CA00A07A0E /* Sources */,
				846B87C021CCC1CA00A07A0E /* Frameworks */,
				846B87C121CCC1CA00A07A0E /* Resources */,
			);
			buildRules = (
			);
			dependencies = (
			);
			name = calculatorApplication;
			productName = calculatorApplication;
			productReference = 846B87C321CCC1CA00A07A0E /* calculatorApplication.app */;
			productType = "com.apple.product-type.application";
		};
/* End PBXNativeTarget section */

/* Begin PBXProject section */
		846B87BB21CCC1CA00A07A0E /* Project object */ = {
			isa = PBXProject;
			attributes = {
				LastSwiftUpdateCheck = 1010;
				LastUpgradeCheck = 1010;
				ORGANIZATIONNAME = Admin;
				TargetAttributes = {
					846B87C221CCC1CA00A07A0E = {
						CreatedOnToolsVersion = 10.1;
					};
				};
			};
			buildConfigurationList = 846B87BE21CCC1CA00A07A0E /* Build configuration list for PBXProject "calculatorApplication" */;
			compatibilityVersion = "Xcode 9.3";
			developmentRegion = en;
			hasScannedForEncodings = 0;
			knownRegions = (
				en,
				Base,
			);
			mainGroup = 846B87BA21CCC1CA00A07A0E;
			productRefGroup = 846B87C421CCC1CA00A07A0E /* Products */;
			projectDirPath = "";
			projectRoot = "";
			targets = (
				846B87C221CCC1CA00A07A0E /* calculatorApplication */,
			);
		};
/* End PBXProject section */

/* Begin PBXResourcesBuildPhase section */
		846B87C121CCC1CA00A07A0E /* Resources */ = {
			isa = PBXResourcesBuildPhase;
			buildActionMask = 2147483647;
			files = (
				846B87D121CCC1CB00A07A0E /* LaunchScreen.storyboard in Resources */,
				846B87CE21CCC1CB00A07A0E /* Assets.xcassets in Resources */,
				846B87CC21CCC1CA00A07A0E /* Main.storyboard in Resources */,
				846B87DB21CCC20B00A07A0E /* calculatorController.xib in Resources */,
			);
			runOnlyForDeploymentPostprocessing = 0;
		};
/* End PBXResourcesBuildPhase section */

/* Begin PBXSourcesBuildPhase section */
		846B87BF21CCC1CA00A07A0E /* Sources */ = {
			isa = PBXSourcesBuildPhase;
			buildActionMask = 2147483647;
			files = (
				846B87C921CCC1CA00A07A0E /* ViewController.swift in Sources */,
				846B87C721CCC1CA00A07A0E /* AppDelegate.swift in Sources */,
				846B87DA21CCC20B00A07A0E /* calculatorController.swift in Sources */,
			);
			runOnlyForDeploymentPostprocessing = 0;
		};
/* End PBXSourcesBuildPhase section */

/* Begin PBXVariantGroup section */
		846B87CA21CCC1CA00A07A0E /* Main.storyboard */ = {
			isa = PBXVariantGroup;
			children = (
				846B87CB21CCC1CA00A07A0E /* Base */,
			);
			name = Main.storyboard;
			sourceTree = "<group>";
		};
		846B87CF21CCC1CB00A07A0E /* LaunchScreen.storyboard */ = {
			isa = PBXVariantGroup;
			children = (
				846B87D021CCC1CB00A07A0E /* Base */,
			);
			name = LaunchScreen.storyboard;
			sourceTree = "<group>";
		};
/* End PBXVariantGroup section */

/* Begin XCBuildConfiguration section */
		846B87D321CCC1CB00A07A0E /* Debug */ = {
			isa = XCBuildConfiguration;
			buildSettings = {
				ALWAYS_SEARCH_USER_PATHS = NO;
				CLANG_ANALYZER_NONNULL = YES;
				CLANG_ANALYZER_NUMBER_OBJECT_CONVERSION = YES_AGGRESSIVE;
				CLANG_CXX_LANGUAGE_STANDARD = "gnu++14";
				CLANG_CXX_LIBRARY = "libc++";
				CLANG_ENABLE_MODULES = YES;
				CLANG_ENABLE_OBJC_ARC = YES;
				CLANG_ENABLE_OBJC_WEAK = YES;
				CLANG_WARN_BLOCK_CAPTURE_AUTORELEASING = YES;
				CLANG_WARN_BOOL_CONVERSION = YES;
				CLANG_WARN_COMMA = YES;
				CLANG_WARN_CONSTANT_CONVERSION = YES;
				CLANG_WARN_DEPRECATED_OBJC_IMPLEMENTATIONS = YES;
				CLANG_WARN_DIRECT_OBJC_ISA_USAGE = YES_ERROR;
				CLANG_WARN_DOCUMENTATION_COMMENTS = YES;
				CLANG_WARN_EMPTY_BODY = YES;
				CLANG_WARN_ENUM_CONVERSION = YES;
				CLANG_WARN_INFINITE_RECURSION = YES;
				CLANG_WARN_INT_CONVERSION = YES;
				CLANG_WARN_NON_LITERAL_NULL_CONVERSION = YES;
				CLANG_WARN_OBJC_IMPLICIT_RETAIN_SELF = YES;
				CLANG_WARN_OBJC_LITERAL_CONVERSION = YES;
				CLANG_WARN_OBJC_ROOT_CLASS = YES_ERROR;
				CLANG_WARN_RANGE_LOOP_ANALYSIS = YES;
				CLANG_WARN_STRICT_PROTOTYPES = YES;
				CLANG_WARN_SUSPICIOUS_MOVE = YES;
				CLANG_WARN_UNGUARDED_AVAILABILITY = YES_AGGRESSIVE;
				CLANG_WARN_UNREACHABLE_CODE = YES;
				CLANG_WARN__DUPLICATE_METHOD_MATCH = YES;
				CODE_SIGN_IDENTITY = "iPhone Developer";
				COPY_PHASE_STRIP = NO;
				DEBUG_INFORMATION_FORMAT = dwarf;
				ENABLE_STRICT_OBJC_MSGSEND = YES;
				ENABLE_TESTABILITY = YES;
				GCC_C_LANGUAGE_STANDARD = gnu11;
				GCC_DYNAMIC_NO_PIC = NO;
				GCC_NO_COMMON_BLOCKS = YES;
				GCC_OPTIMIZATION_LEVEL = 0;
				GCC_PREPROCESSOR_DEFINITIONS = (
					"DEBUG=1",
					"$(inherited)",
				);
				GCC_WARN_64_TO_32_BIT_CONVERSION = YES;
				GCC_WARN_ABOUT_RETURN_TYPE = YES_ERROR;
				GCC_WARN_UNDECLARED_SELECTOR = YES;
				GCC_WARN_UNINITIALIZED_AUTOS = YES_AGGRESSIVE;
				GCC_WARN_UNUSED_FUNCTION = YES;
				GCC_WARN_UNUSED_VARIABLE = YES;
				IPHONEOS_DEPLOYMENT_TARGET = 12.1;
				MTL_ENABLE_DEBUG_INFO = INCLUDE_SOURCE;
				MTL_FAST_MATH = YES;
				ONLY_ACTIVE_ARCH = YES;
				SDKROOT = iphoneos;
				SWIFT_ACTIVE_COMPILATION_CONDITIONS = DEBUG;
				SWIFT_OPTIMIZATION_LEVEL = "-Onone";
			};
			name = Debug;
		};
		846B87D421CCC1CB00A07A0E /* Release */ = {
			isa = XCBuildConfiguration;
			buildSettings = {
				ALWAYS_SEARCH_USER_PATHS = NO;
				CLANG_ANALYZER_NONNULL = YES;
				CLANG_ANALYZER_NUMBER_OBJECT_CONVERSION = YES_AGGRESSIVE;
				CLANG_CXX_LANGUAGE_STANDARD = "gnu++14";
				CLANG_CXX_LIBRARY = "libc++";
				CLANG_ENABLE_MODULES = YES;
				CLANG_ENABLE_OBJC_ARC = YES;
				CLANG_ENABLE_OBJC_WEAK = YES;
				CLANG_WARN_BLOCK_CAPTURE_AUTORELEASING = YES;
				CLANG_WARN_BOOL_CONVERSION = YES;
				CLANG_WARN_COMMA = YES;
				CLANG_WARN_CONSTANT_CONVERSION = YES;
				CLANG_WARN_DEPRECATED_OBJC_IMPLEMENTATIONS = YES;
				CLANG_WARN_DIRECT_OBJC_ISA_USAGE = YES_ERROR;
				CLANG_WARN_DOCUMENTATION_COMMENTS = YES;
				CLANG_WARN_EMPTY_BODY = YES;
				CLANG_WARN_ENUM_CONVERSION = YES;
				CLANG_WARN_INFINITE_RECURSION = YES;
				CLANG_WARN_INT_CONVERSION = YES;
				CLANG_WARN_NON_LITERAL_NULL_CONVERSION = YES;
				CLANG_WARN_OBJC_IMPLICIT_RETAIN_SELF = YES;
				CLANG_WARN_OBJC_LITERAL_CONVERSION = YES;
				CLANG_WARN_OBJC_ROOT_CLASS = YES_ERROR;
				CLANG_WARN_RANGE_LOOP_ANALYSIS = YES;
				CLANG_WARN_STRICT_PROTOTYPES = YES;
				CLANG_WARN_SUSPICIOUS_MOVE = YES;
				CLANG_WARN_UNGUARDED_AVAILABILITY = YES_AGGRESSIVE;
				CLANG_WARN_UNREACHABLE_CODE = YES;
				CLANG_WARN__DUPLICATE_METHOD_MATCH = YES;
				CODE_SIGN_IDENTITY = "iPhone Developer";
				COPY_PHASE_STRIP = NO;
				DEBUG_INFORMATION_FORMAT = "dwarf-with-dsym";
				ENABLE_NS_ASSERTIONS = NO;
				ENABLE_STRICT_OBJC_MSGSEND = YES;
				GCC_C_LANGUAGE_STANDARD = gnu11;
				GCC_NO_COMMON_BLOCKS = YES;
				GCC_WARN_64_TO_32_BIT_CONVERSION = YES;
				GCC_WARN_ABOUT_RETURN_TYPE = YES_ERROR;
				GCC_WARN_UNDECLARED_SELECTOR = YES;
				GCC_WARN_UNINITIALIZED_AUTOS = YES_AGGRESSIVE;
				GCC_WARN_UNUSED_FUNCTION = YES;
				GCC_WARN_UNUSED_VARIABLE = YES;
				IPHONEOS_DEPLOYMENT_TARGET = 12.1;
				MTL_ENABLE_DEBUG_INFO = NO;
				MTL_FAST_MATH = YES;
				SDKROOT = iphoneos;
				SWIFT_COMPILATION_MODE = wholemodule;
				SWIFT_OPTIMIZATION_LEVEL = "-O";
				VALIDATE_PRODUCT = YES;
			};
			name = Release;
		};
		846B87D621CCC1CB00A07A0E /* Debug */ = {
			isa = XCBuildConfiguration;
			buildSettings = {
				ASSETCATALOG_COMPILER_APPICON_NAME = AppIcon;
				CODE_SIGN_STYLE = Automatic;
				INFOPLIST_FILE = calculatorApplication/Info.plist;
				LD_RUNPATH_SEARCH_PATHS = (
					"$(inherited)",
					"@executable_path/Frameworks",
				);
				PRODUCT_BUNDLE_IDENTIFIER = example.calculatorApplication;
				PRODUCT_NAME = "$(TARGET_NAME)";
				SWIFT_VERSION = 4.2;
				TARGETED_DEVICE_FAMILY = "1,2";
			};
			name = Debug;
		};
		846B87D721CCC1CB00A07A0E /* Release */ = {
			isa = XCBuildConfiguration;
			buildSettings = {
				ASSETCATALOG_COMPILER_APPICON_NAME = AppIcon;
				CODE_SIGN_STYLE = Automatic;
				INFOPLIST_FILE = calculatorApplication/Info.plist;
				LD_RUNPATH_SEARCH_PATHS = (
					"$(inherited)",
					"@executable_path/Frameworks",
				);
				PRODUCT_BUNDLE_IDENTIFIER = example.calculatorApplication;
				PRODUCT_NAME = "$(TARGET_NAME)";
				SWIFT_VERSION = 4.2;
				TARGETED_DEVICE_FAMILY = "1,2";
			};
			name = Release;
		};
/* End XCBuildConfiguration section */

/* Begin XCConfigurationList section */
		846B87BE21CCC1CA00A07A0E /* Build configuration list for PBXProject "calculatorApplication" */ = {
			isa = XCConfigurationList;
			buildConfigurations = (
				846B87D321CCC1CB00A07A0E /* Debug */,
				846B87D421CCC1CB00A07A0E /* Release */,
			);
			defaultConfigurationIsVisible = 0;
			defaultConfigurationName = Release;
		};
		846B87D521CCC1CB00A07A0E /* Build configuration list for PBXNativeTarget "calculatorApplication" */ = {
			isa = XCConfigurationList;
			buildConfigurations = (
				846B87D621CCC1CB00A07A0E /* Debug */,
				846B87D721CCC1CB00A07A0E /* Release */,
			);
			defaultConfigurationIsVisible = 0;
			defaultConfigurationName = Release;
		};
/* End XCConfigurationList section */
	};
	rootObject = 846B87BB21CCC1CA00A07A0E /* Project object */;
}
